
Microsoft Visual Studio Solution File, Format Version 12.00
# Visual Studio Version 17
VisualStudioVersion = 17.13.35913.81 d17.13
MinimumVisualStudioVersion = 10.0.40219.1
Project("{FAE04EC0-301F-11D3-BF4B-00C04F79EFBC}") = "ProjectLauncher", "ProjectLauncher\ProjectLauncher.csproj", "{97B63BF4-8173-4CE4-A3A1-5C0BF6C3F13E}"
EndProject
Global
	GlobalSection(SolutionConfigurationPlatforms) = preSolution
		Debug|Any CPU = Debug|Any CPU
		Release|Any CPU = Release|Any CPU
	EndGlobalSection
	GlobalSection(ProjectConfigurationPlatforms) = postSolution
		{97B63BF4-8173-4CE4-A3A1-5C0BF6C3F13E}.Debug|Any CPU.ActiveCfg = Debug|Any CPU
		{97B63BF4-8173-4CE4-A3A1-5C0BF6C3F13E}.Debug|Any CPU.Build.0 = Debug|Any CPU
		{97B63BF4-8173-4CE4-A3A1-5C0BF6C3F13E}.Release|Any CPU.ActiveCfg = Release|Any CPU
		{97B63BF4-8173-4CE4-A3A1-5C0BF6C3F13E}.Release|Any CPU.Build.0 = Release|Any CPU
	EndGlobalSection
	GlobalSection(SolutionProperties) = preSolution
		HideSolutionNode = FALSE
	EndGlobalSection
	GlobalSection(ExtensibilityGlobals) = postSolution
		SolutionGuid = {D2B90670-5C98-4B36-A237-B03D02BA5EFC}
	EndGlobalSection
EndGlobal
